
Microsoft Visual Studio Solution File, Format Version 12.00
# Visual Studio 15
VisualStudioVersion = 15.0.26730.12
MinimumVisualStudioVersion = 10.0.40219.1
Project("{9A19103F-16F7-4668-BE54-9A1E7A4F7556}") = "Facepunch.Steamworks", "Facepunch.Steamworks\Facepunch.Steamworks.csproj", "{91962664-EB42-472A-94C8-C4FFEB44CC4B}"
EndProject
Project("{FAE04EC0-301F-11D3-BF4B-00C04F79EFBC}") = "Facepunch.Steamworks.Test", "Facepunch.Steamworks.Test\Facepunch.Steamworks.Test.csproj", "{3F6183AD-D966-44F2-A6EB-42E61E591B49}"
EndProject
Project("{FAE04EC0-301F-11D3-BF4B-00C04F79EFBC}") = "Generator", "Generator\Generator.csproj", "{B7225D11-2AAA-49D6-AE93-A73696EA35FE}"
EndProject
Global
	GlobalSection(SolutionConfigurationPlatforms) = preSolution
		Debug|Any CPU = Debug|Any CPU
		Release|Any CPU = Release|Any CPU
	EndGlobalSection
	GlobalSection(ProjectConfigurationPlatforms) = postSolution
		{91962664-EB42-472A-94C8-C4FFEB44CC4B}.Debug|Any CPU.ActiveCfg = Debug|Any CPU
		{91962664-EB42-472A-94C8-C4FFEB44CC4B}.Debug|Any CPU.Build.0 = Debug|Any CPU
		{91962664-EB42-472A-94C8-C4FFEB44CC4B}.Release|Any CPU.ActiveCfg = Release|Any CPU
		{91962664-EB42-472A-94C8-C4FFEB44CC4B}.Release|Any CPU.Build.0 = Release|Any CPU
		{3F6183AD-D966-44F2-A6EB-42E61E591B49}.Debug|Any CPU.ActiveCfg = Debug|Any CPU
		{3F6183AD-D966-44F2-A6EB-42E61E591B49}.Debug|Any CPU.Build.0 = Debug|Any CPU
		{3F6183AD-D966-44F2-A6EB-42E61E591B49}.Release|Any CPU.ActiveCfg = Release|Any CPU
		{3F6183AD-D966-44F2-A6EB-42E61E591B49}.Release|Any CPU.Build.0 = Release|Any CPU
		{B7225D11-2AAA-49D6-AE93-A73696EA35FE}.Debug|Any CPU.ActiveCfg = Debug|Any CPU
		{B7225D11-2AAA-49D6-AE93-A73696EA35FE}.Debug|Any CPU.Build.0 = Debug|Any CPU
		{B7225D11-2AAA-49D6-AE93-A73696EA35FE}.Release|Any CPU.ActiveCfg = Release|Any CPU
		{B7225D11-2AAA-49D6-AE93-A73696EA35FE}.Release|Any CPU.Build.0 = Release|Any CPU
	EndGlobalSection
	GlobalSection(SolutionProperties) = preSolution
		HideSolutionNode = FALSE
	EndGlobalSection
	GlobalSection(ExtensibilityGlobals) = postSolution
		SolutionGuid = {506FC2EC-38D1-45E2-BAE8-D61584162F7D}
	EndGlobalSection
EndGlobal
